// !$*UTF8*$!
{
	archiveVersion = 1;
	classes = {
	};
	objectVersion = 50;
	objects = {

/* Begin PBXBuildFile section */
		BF3616562418D574001BAA58 /* AppDelegate.swift in Sources */ = {isa = PBXBuildFile; fileRef = BF3616552418D574001BAA58 /* AppDelegate.swift */; };
		BF3616582418D574001BAA58 /* SceneDelegate.swift in Sources */ = {isa = PBXBuildFile; fileRef = BF3616572418D574001BAA58 /* SceneDelegate.swift */; };
		BF36165D2418D574001BAA58 /* Main.storyboard in Resources */ = {isa = PBXBuildFile; fileRef = BF36165B2418D574001BAA58 /* Main.storyboard */; };
		BF3616602418D574001BAA58 /* Note.xcdatamodeld in Sources */ = {isa = PBXBuildFile; fileRef = BF36165E2418D574001BAA58 /* Note.xcdatamodeld */; };
		BF3616622418D578001BAA58 /* Assets.xcassets in Resources */ = {isa = PBXBuildFile; fileRef = BF3616612418D578001BAA58 /* Assets.xcassets */; };
		BF3616652418D578001BAA58 /* LaunchScreen.storyboard in Resources */ = {isa = PBXBuildFile; fileRef = BF3616632418D578001BAA58 /* LaunchScreen.storyboard */; };
		BF3A951E241B8E0200FBD505 /* FoldersViewController.swift in Sources */ = {isa = PBXBuildFile; fileRef = BF3A951D241B8E0200FBD505 /* FoldersViewController.swift */; };
		BF3A9520241C0BA100FBD505 /* FoldersTableViewCell.swift in Sources */ = {isa = PBXBuildFile; fileRef = BF3A951F241C0BA100FBD505 /* FoldersTableViewCell.swift */; };
		BF6A04F6241F6E58005AF6F6 /* NotesViewController.swift in Sources */ = {isa = PBXBuildFile; fileRef = BF6A04F5241F6E58005AF6F6 /* NotesViewController.swift */; };
		BF6A04F8241F6FB5005AF6F6 /* Note.swift in Sources */ = {isa = PBXBuildFile; fileRef = BF6A04F7241F6FB5005AF6F6 /* Note.swift */; };
		BF6A04FA241F7069005AF6F6 /* Folder.swift in Sources */ = {isa = PBXBuildFile; fileRef = BF6A04F9241F7069005AF6F6 /* Folder.swift */; };
		BFDCA8FB24201B540082339E /* NoteTableViewCell.swift in Sources */ = {isa = PBXBuildFile; fileRef = BFDCA8FA24201B540082339E /* NoteTableViewCell.swift */; };
/* End PBXBuildFile section */

/* Begin PBXFileReference section */
		BF3616522418D574001BAA58 /* Note.app */ = {isa = PBXFileReference; explicitFileType = wrapper.application; includeInIndex = 0; path = Note.app; sourceTree = BUILT_PRODUCTS_DIR; };
		BF3616552418D574001BAA58 /* AppDelegate.swift */ = {isa = PBXFileReference; lastKnownFileType = sourcecode.swift; path = AppDelegate.swift; sourceTree = "<group>"; };
		BF3616572418D574001BAA58 /* SceneDelegate.swift */ = {isa = PBXFileReference; lastKnownFileType = sourcecode.swift; path = SceneDelegate.swift; sourceTree = "<group>"; };
		BF36165C2418D574001BAA58 /* Base */ = {isa = PBXFileReference; lastKnownFileType = file.storyboard; name = Base; path = Base.lproj/Main.storyboard; sourceTree = "<group>"; };
		BF36165F2418D574001BAA58 /* Note.xcdatamodel */ = {isa = PBXFileReference; lastKnownFileType = wrapper.xcdatamodel; path = Note.xcdatamodel; sourceTree = "<group>"; };
		BF3616612418D578001BAA58 /* Assets.xcassets */ = {isa = PBXFileReference; lastKnownFileType = folder.assetcatalog; path = Assets.xcassets; sourceTree = "<group>"; };
		BF3616642418D578001BAA58 /* Base */ = {isa = PBXFileReference; lastKnownFileType = file.storyboard; name = Base; path = Base.lproj/LaunchScreen.storyboard; sourceTree = "<group>"; };
		BF3616662418D578001BAA58 /* Info.plist */ = {isa = PBXFileReference; lastKnownFileType = text.plist.xml; path = Info.plist; sourceTree = "<group>"; };
		BF3A951D241B8E0200FBD505 /* FoldersViewController.swift */ = {isa = PBXFileReference; lastKnownFileType = sourcecode.swift; path = FoldersViewController.swift; sourceTree = "<group>"; };
		BF3A951F241C0BA100FBD505 /* FoldersTableViewCell.swift */ = {isa = PBXFileReference; lastKnownFileType = sourcecode.swift; path = FoldersTableViewCell.swift; sourceTree = "<group>"; };
		BF6A04F5241F6E58005AF6F6 /* NotesViewController.swift */ = {isa = PBXFileReference; lastKnownFileType = sourcecode.swift; path = NotesViewController.swift; sourceTree = "<group>"; };
		BF6A04F7241F6FB5005AF6F6 /* Note.swift */ = {isa = PBXFileReference; lastKnownFileType = sourcecode.swift; path = Note.swift; sourceTree = "<group>"; };
		BF6A04F9241F7069005AF6F6 /* Folder.swift */ = {isa = PBXFileReference; lastKnownFileType = sourcecode.swift; path = Folder.swift; sourceTree = "<group>"; };
		BFDCA8FA24201B540082339E /* NoteTableViewCell.swift */ = {isa = PBXFileReference; lastKnownFileType = sourcecode.swift; name = NoteTableViewCell.swift; path = Note/NoteTableViewCell.swift; sourceTree = SOURCE_ROOT; };
/* End PBXFileReference section */

/* Begin PBXFrameworksBuildPhase section */
		BF36164F2418D574001BAA58 /* Frameworks */ = {
			isa = PBXFrameworksBuildPhase;
			buildActionMask = 2147483647;
			files = (
			);
			runOnlyForDeploymentPostprocessing = 0;
		};
/* End PBXFrameworksBuildPhase section */

/* Begin PBXGroup section */
		BF3616492418D574001BAA58 = {
			isa = PBXGroup;
			children = (
				BF3616542418D574001BAA58 /* Note */,
				BF3616532418D574001BAA58 /* Products */,
			);
			sourceTree = "<group>";
		};
		BF3616532418D574001BAA58 /* Products */ = {
			isa = PBXGroup;
			children = (
				BF3616522418D574001BAA58 /* Note.app */,
			);
			name = Products;
			sourceTree = "<group>";
		};
		BF3616542418D574001BAA58 /* Note */ = {
			isa = PBXGroup;
			children = (
				BF3616552418D574001BAA58 /* AppDelegate.swift */,
				BF3616572418D574001BAA58 /* SceneDelegate.swift */,
				BF36165B2418D574001BAA58 /* Main.storyboard */,
				BF6A04FB241F7255005AF6F6 /* Models */,
				BF6A04FC241F7489005AF6F6 /* Controllers */,
				BF3A951F241C0BA100FBD505 /* FoldersTableViewCell.swift */,
				BFDCA8FA24201B540082339E /* NoteTableViewCell.swift */,
				BF3616612418D578001BAA58 /* Assets.xcassets */,
				BF3616632418D578001BAA58 /* LaunchScreen.storyboard */,
				BF3616662418D578001BAA58 /* Info.plist */,
				BF36165E2418D574001BAA58 /* Note.xcdatamodeld */,
			);
			path = Note;
			sourceTree = "<group>";
		};
		BF6A04FB241F7255005AF6F6 /* Models */ = {
			isa = PBXGroup;
			children = (
				BF6A04F7241F6FB5005AF6F6 /* Note.swift */,
				BF6A04F9241F7069005AF6F6 /* Folder.swift */,
			);
			path = Models;
			sourceTree = "<group>";
		};
		BF6A04FC241F7489005AF6F6 /* Controllers */ = {
			isa = PBXGroup;
			children = (
				BF3A951D241B8E0200FBD505 /* FoldersViewController.swift */,
				BF6A04F5241F6E58005AF6F6 /* NotesViewController.swift */,
			);
			path = Controllers;
			sourceTree = "<group>";
		};
/* End PBXGroup section */

/* Begin PBXNativeTarget section */
		BF3616512418D574001BAA58 /* Note */ = {
			isa = PBXNativeTarget;
			buildConfigurationList = BF3616692418D578001BAA58 /* Build configuration list for PBXNativeTarget "Note" */;
			buildPhases = (
				BF36164E2418D574001BAA58 /* Sources */,
				BF36164F2418D574001BAA58 /* Frameworks */,
				BF3616502418D574001BAA58 /* Resources */,
			);
			buildRules = (
			);
			dependencies = (
			);
			name = Note;
			productName = Note;
			productReference = BF3616522418D574001BAA58 /* Note.app */;
			productType = "com.apple.product-type.application";
		};
/* End PBXNativeTarget section */

/* Begin PBXProject section */
		BF36164A2418D574001BAA58 /* Project object */ = {
			isa = PBXProject;
			attributes = {
				LastSwiftUpdateCheck = 1130;
				LastUpgradeCheck = 1130;
				ORGANIZATIONNAME = "Станислав Белых";
				TargetAttributes = {
					BF3616512418D574001BAA58 = {
						CreatedOnToolsVersion = 11.3.1;
					};
				};
			};
			buildConfigurationList = BF36164D2418D574001BAA58 /* Build configuration list for PBXProject "Note" */;
			compatibilityVersion = "Xcode 9.3";
			developmentRegion = en;
			hasScannedForEncodings = 0;
			knownRegions = (
				en,
				Base,
			);
			mainGroup = BF3616492418D574001BAA58;
			productRefGroup = BF3616532418D574001BAA58 /* Products */;
			projectDirPath = "";
			projectRoot = "";
			targets = (
				BF3616512418D574001BAA58 /* Note */,
			);
		};
/* End PBXProject section */

/* Begin PBXResourcesBuildPhase section */
		BF3616502418D574001BAA58 /* Resources */ = {
			isa = PBXResourcesBuildPhase;
			buildActionMask = 2147483647;
			files = (
				BF3616652418D578001BAA58 /* LaunchScreen.storyboard in Resources */,
				BF3616622418D578001BAA58 /* Assets.xcassets in Resources */,
				BF36165D2418D574001BAA58 /* Main.storyboard in Resources */,
			);
			runOnlyForDeploymentPostprocessing = 0;
		};
/* End PBXResourcesBuildPhase section */

/* Begin PBXSourcesBuildPhase section */
		BF36164E2418D574001BAA58 /* Sources */ = {
			isa = PBXSourcesBuildPhase;
			buildActionMask = 2147483647;
			files = (
				BF3A9520241C0BA100FBD505 /* FoldersTableViewCell.swift in Sources */,
				BF6A04FA241F7069005AF6F6 /* Folder.swift in Sources */,
				BF3A951E241B8E0200FBD505 /* FoldersViewController.swift in Sources */,
				BF6A04F6241F6E58005AF6F6 /* NotesViewController.swift in Sources */,
				BF6A04F8241F6FB5005AF6F6 /* Note.swift in Sources */,
				BFDCA8FB24201B540082339E /* NoteTableViewCell.swift in Sources */,
				BF3616562418D574001BAA58 /* AppDelegate.swift in Sources */,
				BF3616582418D574001BAA58 /* SceneDelegate.swift in Sources */,
				BF3616602418D574001BAA58 /* Note.xcdatamodeld in Sources */,
			);
			runOnlyForDeploymentPostprocessing = 0;
		};
/* End PBXSourcesBuildPhase section */

/* Begin PBXVariantGroup section */
		BF36165B2418D574001BAA58 /* Main.storyboard */ = {
			isa = PBXVariantGroup;
			children = (
				BF36165C2418D574001BAA58 /* Base */,
			);
			name = Main.storyboard;
			sourceTree = "<group>";
		};
		BF3616632418D578001BAA58 /* LaunchScreen.storyboard */ = {
			isa = PBXVariantGroup;
			children = (
				BF3616642418D578001BAA58 /* Base */,
			);
			name = LaunchScreen.storyboard;
			sourceTree = "<group>";
		};
/* End PBXVariantGroup section */

/* Begin XCBuildConfiguration section */
		BF3616672418D578001BAA58 /* Debug */ = {
			isa = XCBuildConfiguration;
			buildSettings = {
				ALWAYS_SEARCH_USER_PATHS = NO;
				CLANG_ANALYZER_NONNULL = YES;
				CLANG_ANALYZER_NUMBER_OBJECT_CONVERSION = YES_AGGRESSIVE;
				CLANG_CXX_LANGUAGE_STANDARD = "gnu++14";
				CLANG_CXX_LIBRARY = "libc++";
				CLANG_ENABLE_MODULES = YES;
				CLANG_ENABLE_OBJC_ARC = YES;
				CLANG_ENABLE_OBJC_WEAK = YES;
				CLANG_WARN_BLOCK_CAPTURE_AUTORELEASING = YES;
				CLANG_WARN_BOOL_CONVERSION = YES;
				CLANG_WARN_COMMA = YES;
				CLANG_WARN_CONSTANT_CONVERSION = YES;
				CLANG_WARN_DEPRECATED_OBJC_IMPLEMENTATIONS = YES;
				CLANG_WARN_DIRECT_OBJC_ISA_USAGE = YES_ERROR;
				CLANG_WARN_DOCUMENTATION_COMMENTS = YES;
				CLANG_WARN_EMPTY_BODY = YES;
				CLANG_WARN_ENUM_CONVERSION = YES;
				CLANG_WARN_INFINITE_RECURSION = YES;
				CLANG_WARN_INT_CONVERSION = YES;
				CLANG_WARN_NON_LITERAL_NULL_CONVERSION = YES;
				CLANG_WARN_OBJC_IMPLICIT_RETAIN_SELF = YES;
				CLANG_WARN_OBJC_LITERAL_CONVERSION = YES;
				CLANG_WARN_OBJC_ROOT_CLASS = YES_ERROR;
				CLANG_WARN_RANGE_LOOP_ANALYSIS = YES;
				CLANG_WARN_STRICT_PROTOTYPES = YES;
				CLANG_WARN_SUSPICIOUS_MOVE = YES;
				CLANG_WARN_UNGUARDED_AVAILABILITY = YES_AGGRESSIVE;
				CLANG_WARN_UNREACHABLE_CODE = YES;
				CLANG_WARN__DUPLICATE_METHOD_MATCH = YES;
				COPY_PHASE_STRIP = NO;
				DEBUG_INFORMATION_FORMAT = dwarf;
				ENABLE_STRICT_OBJC_MSGSEND = YES;
				ENABLE_TESTABILITY = YES;
				GCC_C_LANGUAGE_STANDARD = gnu11;
				GCC_DYNAMIC_NO_PIC = NO;
				GCC_NO_COMMON_BLOCKS = YES;
				GCC_OPTIMIZATION_LEVEL = 0;
				GCC_PREPROCESSOR_DEFINITIONS = (
					"DEBUG=1",
					"$(inherited)",
				);
				GCC_WARN_64_TO_32_BIT_CONVERSION = YES;
				GCC_WARN_ABOUT_RETURN_TYPE = YES_ERROR;
				GCC_WARN_UNDECLARED_SELECTOR = YES;
				GCC_WARN_UNINITIALIZED_AUTOS = YES_AGGRESSIVE;
				GCC_WARN_UNUSED_FUNCTION = YES;
				GCC_WARN_UNUSED_VARIABLE = YES;
				IPHONEOS_DEPLOYMENT_TARGET = 13.2;
				MTL_ENABLE_DEBUG_INFO = INCLUDE_SOURCE;
				MTL_FAST_MATH = YES;
				ONLY_ACTIVE_ARCH = YES;
				SDKROOT = iphoneos;
				SWIFT_ACTIVE_COMPILATION_CONDITIONS = DEBUG;
				SWIFT_OPTIMIZATION_LEVEL = "-Onone";
			};
			name = Debug;
		};
		BF3616682418D578001BAA58 /* Release */ = {
			isa = XCBuildConfiguration;
			buildSettings = {
				ALWAYS_SEARCH_USER_PATHS = NO;
				CLANG_ANALYZER_NONNULL = YES;
				CLANG_ANALYZER_NUMBER_OBJECT_CONVERSION = YES_AGGRESSIVE;
				CLANG_CXX_LANGUAGE_STANDARD = "gnu++14";
				CLANG_CXX_LIBRARY = "libc++";
				CLANG_ENABLE_MODULES = YES;
				CLANG_ENABLE_OBJC_ARC = YES;
				CLANG_ENABLE_OBJC_WEAK = YES;
				CLANG_WARN_BLOCK_CAPTURE_AUTORELEASING = YES;
				CLANG_WARN_BOOL_CONVERSION = YES;
				CLANG_WARN_COMMA = YES;
				CLANG_WARN_CONSTANT_CONVERSION = YES;
				CLANG_WARN_DEPRECATED_OBJC_IMPLEMENTATIONS = YES;
				CLANG_WARN_DIRECT_OBJC_ISA_USAGE = YES_ERROR;
				CLANG_WARN_DOCUMENTATION_COMMENTS = YES;
				CLANG_WARN_EMPTY_BODY = YES;
				CLANG_WARN_ENUM_CONVERSION = YES;
				CLANG_WARN_INFINITE_RECURSION = YES;
				CLANG_WARN_INT_CONVERSION = YES;
				CLANG_WARN_NON_LITERAL_NULL_CONVERSION = YES;
				CLANG_WARN_OBJC_IMPLICIT_RETAIN_SELF = YES;
				CLANG_WARN_OBJC_LITERAL_CONVERSION = YES;
				CLANG_WARN_OBJC_ROOT_CLASS = YES_ERROR;
				CLANG_WARN_RANGE_LOOP_ANALYSIS = YES;
				CLANG_WARN_STRICT_PROTOTYPES = YES;
				CLANG_WARN_SUSPICIOUS_MOVE = YES;
				CLANG_WARN_UNGUARDED_AVAILABILITY = YES_AGGRESSIVE;
				CLANG_WARN_UNREACHABLE_CODE = YES;
				CLANG_WARN__DUPLICATE_METHOD_MATCH = YES;
				COPY_PHASE_STRIP = NO;
				DEBUG_INFORMATION_FORMAT = "dwarf-with-dsym";
				ENABLE_NS_ASSERTIONS = NO;
				ENABLE_STRICT_OBJC_MSGSEND = YES;
				GCC_C_LANGUAGE_STANDARD = gnu11;
				GCC_NO_COMMON_BLOCKS = YES;
				GCC_WARN_64_TO_32_BIT_CONVERSION = YES;
				GCC_WARN_ABOUT_RETURN_TYPE = YES_ERROR;
				GCC_WARN_UNDECLARED_SELECTOR = YES;
				GCC_WARN_UNINITIALIZED_AUTOS = YES_AGGRESSIVE;
				GCC_WARN_UNUSED_FUNCTION = YES;
				GCC_WARN_UNUSED_VARIABLE = YES;
				IPHONEOS_DEPLOYMENT_TARGET = 13.2;
				MTL_ENABLE_DEBUG_INFO = NO;
				MTL_FAST_MATH = YES;
				SDKROOT = iphoneos;
				SWIFT_COMPILATION_MODE = wholemodule;
				SWIFT_OPTIMIZATION_LEVEL = "-O";
				VALIDATE_PRODUCT = YES;
			};
			name = Release;
		};
		BF36166A2418D578001BAA58 /* Debug */ = {
			isa = XCBuildConfiguration;
			buildSettings = {
				ASSETCATALOG_COMPILER_APPICON_NAME = AppIcon;
				CODE_SIGN_STYLE = Automatic;
				DEVELOPMENT_TEAM = 8U33MU82AP;
				INFOPLIST_FILE = Note/Info.plist;
				LD_RUNPATH_SEARCH_PATHS = (
					"$(inherited)",
					"@executable_path/Frameworks",
				);
				PRODUCT_BUNDLE_IDENTIFIER = StanislavBelykh.Note;
				PRODUCT_NAME = "$(TARGET_NAME)";
				SWIFT_VERSION = 5.0;
				TARGETED_DEVICE_FAMILY = "1,2";
			};
			name = Debug;
		};
		BF36166B2418D578001BAA58 /* Release */ = {
			isa = XCBuildConfiguration;
			buildSettings = {
				ASSETCATALOG_COMPILER_APPICON_NAME = AppIcon;
				CODE_SIGN_STYLE = Automatic;
				DEVELOPMENT_TEAM = 8U33MU82AP;
				INFOPLIST_FILE = Note/Info.plist;
				LD_RUNPATH_SEARCH_PATHS = (
					"$(inherited)",
					"@executable_path/Frameworks",
				);
				PRODUCT_BUNDLE_IDENTIFIER = StanislavBelykh.Note;
				PRODUCT_NAME = "$(TARGET_NAME)";
				SWIFT_VERSION = 5.0;
				TARGETED_DEVICE_FAMILY = "1,2";
			};
			name = Release;
		};
/* End XCBuildConfiguration section */

/* Begin XCConfigurationList section */
		BF36164D2418D574001BAA58 /* Build configuration list for PBXProject "Note" */ = {
			isa = XCConfigurationList;
			buildConfigurations = (
				BF3616672418D578001BAA58 /* Debug */,
				BF3616682418D578001BAA58 /* Release */,
			);
			defaultConfigurationIsVisible = 0;
			defaultConfigurationName = Release;
		};
		BF3616692418D578001BAA58 /* Build configuration list for PBXNativeTarget "Note" */ = {
			isa = XCConfigurationList;
			buildConfigurations = (
				BF36166A2418D578001BAA58 /* Debug */,
				BF36166B2418D578001BAA58 /* Release */,
			);
			defaultConfigurationIsVisible = 0;
			defaultConfigurationName = Release;
		};
/* End XCConfigurationList section */

/* Begin XCVersionGroup section */
		BF36165E2418D574001BAA58 /* Note.xcdatamodeld */ = {
			isa = XCVersionGroup;
			children = (
				BF36165F2418D574001BAA58 /* Note.xcdatamodel */,
			);
			currentVersion = BF36165F2418D574001BAA58 /* Note.xcdatamodel */;
			path = Note.xcdatamodeld;
			sourceTree = "<group>";
			versionGroupType = wrapper.xcdatamodel;
		};
/* End XCVersionGroup section */
	};
	rootObject = BF36164A2418D574001BAA58 /* Project object */;
}
